// !$*UTF8*$!
{
	archiveVersion = 1;
	classes = {
	};
	objectVersion = 50;
	objects = {

/* Begin PBXBuildFile section */
		8E85640721391B2F00A1397C /* ActionViewController.swift in Sources */ = {isa = PBXBuildFile; fileRef = 8E85640621391B2F00A1397C /* ActionViewController.swift */; };
		8E85640A21391B2F00A1397C /* MainInterface.storyboard in Resources */ = {isa = PBXBuildFile; fileRef = 8E85640821391B2F00A1397C /* MainInterface.storyboard */; };
		8E85640E21391B2F00A1397C /* SupportAll.appex in Embed App Extensions */ = {isa = PBXBuildFile; fileRef = 8E85640421391B2F00A1397C /* SupportAll.appex */; settings = {ATTRIBUTES = (RemoveHeadersOnCopy, ); }; };
		8E85641921391B4000A1397C /* ActionViewController.swift in Sources */ = {isa = PBXBuildFile; fileRef = 8E85641821391B4000A1397C /* ActionViewController.swift */; };
		8E85641C21391B4000A1397C /* MainInterface.storyboard in Resources */ = {isa = PBXBuildFile; fileRef = 8E85641A21391B4000A1397C /* MainInterface.storyboard */; };
		8E85642021391B4000A1397C /* Text.appex in Embed App Extensions */ = {isa = PBXBuildFile; fileRef = 8E85641621391B4000A1397C /* Text.appex */; settings = {ATTRIBUTES = (RemoveHeadersOnCopy, ); }; };
		8E85642B21391B5700A1397C /* ActionViewController.swift in Sources */ = {isa = PBXBuildFile; fileRef = 8E85642A21391B5700A1397C /* ActionViewController.swift */; };
		8E85642E21391B5700A1397C /* MainInterface.storyboard in Resources */ = {isa = PBXBuildFile; fileRef = 8E85642C21391B5700A1397C /* MainInterface.storyboard */; };
		8E85643221391B5700A1397C /* Image.appex in Embed App Extensions */ = {isa = PBXBuildFile; fileRef = 8E85642821391B5700A1397C /* Image.appex */; settings = {ATTRIBUTES = (RemoveHeadersOnCopy, ); }; };
		8E85643D21391B6200A1397C /* ActionViewController.swift in Sources */ = {isa = PBXBuildFile; fileRef = 8E85643C21391B6200A1397C /* ActionViewController.swift */; };
		8E85644021391B6200A1397C /* MainInterface.storyboard in Resources */ = {isa = PBXBuildFile; fileRef = 8E85643E21391B6200A1397C /* MainInterface.storyboard */; };
		8E85644421391B6200A1397C /* URL.appex in Embed App Extensions */ = {isa = PBXBuildFile; fileRef = 8E85643A21391B6200A1397C /* URL.appex */; settings = {ATTRIBUTES = (RemoveHeadersOnCopy, ); }; };
		8EF070152137C66E00694055 /* AppDelegate.swift in Sources */ = {isa = PBXBuildFile; fileRef = 8EF070142137C66E00694055 /* AppDelegate.swift */; };
		8EF070172137C66E00694055 /* ViewController.swift in Sources */ = {isa = PBXBuildFile; fileRef = 8EF070162137C66E00694055 /* ViewController.swift */; };
		8EF0701A2137C66E00694055 /* Main.storyboard in Resources */ = {isa = PBXBuildFile; fileRef = 8EF070182137C66E00694055 /* Main.storyboard */; };
		8EF0701C2137C67000694055 /* Assets.xcassets in Resources */ = {isa = PBXBuildFile; fileRef = 8EF0701B2137C67000694055 /* Assets.xcassets */; };
		8EF0701F2137C67000694055 /* LaunchScreen.storyboard in Resources */ = {isa = PBXBuildFile; fileRef = 8EF0701D2137C67000694055 /* LaunchScreen.storyboard */; };
/* End PBXBuildFile section */

/* Begin PBXContainerItemProxy section */
		8E85640C21391B2F00A1397C /* PBXContainerItemProxy */ = {
			isa = PBXContainerItemProxy;
			containerPortal = 8EF070092137C66E00694055 /* Project object */;
			proxyType = 1;
			remoteGlobalIDString = 8E85640321391B2F00A1397C;
			remoteInfo = "LeviExtension+SupportAll";
		};
		8E85641E21391B4000A1397C /* PBXContainerItemProxy */ = {
			isa = PBXContainerItemProxy;
			containerPortal = 8EF070092137C66E00694055 /* Project object */;
			proxyType = 1;
			remoteGlobalIDString = 8E85641521391B4000A1397C;
			remoteInfo = "LeviExtension+String";
		};
		8E85643021391B5700A1397C /* PBXContainerItemProxy */ = {
			isa = PBXContainerItemProxy;
			containerPortal = 8EF070092137C66E00694055 /* Project object */;
			proxyType = 1;
			remoteGlobalIDString = 8E85642721391B5700A1397C;
			remoteInfo = "LeviExtension+Image";
		};
		8E85644221391B6200A1397C /* PBXContainerItemProxy */ = {
			isa = PBXContainerItemProxy;
			containerPortal = 8EF070092137C66E00694055 /* Project object */;
			proxyType = 1;
			remoteGlobalIDString = 8E85643921391B6200A1397C;
			remoteInfo = "LeviExtension+URL";
		};
/* End PBXContainerItemProxy section */

/* Begin PBXCopyFilesBuildPhase section */
		8EF070392137D09200694055 /* Embed App Extensions */ = {
			isa = PBXCopyFilesBuildPhase;
			buildActionMask = 2147483647;
			dstPath = "";
			dstSubfolderSpec = 13;
			files = (
				8E85640E21391B2F00A1397C /* SupportAll.appex in Embed App Extensions */,
				8E85643221391B5700A1397C /* Image.appex in Embed App Extensions */,
				8E85644421391B6200A1397C /* URL.appex in Embed App Extensions */,
				8E85642021391B4000A1397C /* Text.appex in Embed App Extensions */,
			);
			name = "Embed App Extensions";
			runOnlyForDeploymentPostprocessing = 0;
		};
/* End PBXCopyFilesBuildPhase section */

/* Begin PBXFileReference section */
		8E85640421391B2F00A1397C /* SupportAll.appex */ = {isa = PBXFileReference; explicitFileType = "wrapper.app-extension"; includeInIndex = 0; path = SupportAll.appex; sourceTree = BUILT_PRODUCTS_DIR; };
		8E85640621391B2F00A1397C /* ActionViewController.swift */ = {isa = PBXFileReference; lastKnownFileType = sourcecode.swift; path = ActionViewController.swift; sourceTree = "<group>"; };
		8E85640921391B2F00A1397C /* Base */ = {isa = PBXFileReference; lastKnownFileType = file.storyboard; name = Base; path = Base.lproj/MainInterface.storyboard; sourceTree = "<group>"; };
		8E85640B21391B2F00A1397C /* Info.plist */ = {isa = PBXFileReference; lastKnownFileType = text.plist.xml; path = Info.plist; sourceTree = "<group>"; };
		8E85641621391B4000A1397C /* Text.appex */ = {isa = PBXFileReference; explicitFileType = "wrapper.app-extension"; includeInIndex = 0; path = Text.appex; sourceTree = BUILT_PRODUCTS_DIR; };
		8E85641821391B4000A1397C /* ActionViewController.swift */ = {isa = PBXFileReference; lastKnownFileType = sourcecode.swift; path = ActionViewController.swift; sourceTree = "<group>"; };
		8E85641B21391B4000A1397C /* Base */ = {isa = PBXFileReference; lastKnownFileType = file.storyboard; name = Base; path = Base.lproj/MainInterface.storyboard; sourceTree = "<group>"; };
		8E85641D21391B4000A1397C /* Info.plist */ = {isa = PBXFileReference; lastKnownFileType = text.plist.xml; path = Info.plist; sourceTree = "<group>"; };
		8E85642821391B5700A1397C /* Image.appex */ = {isa = PBXFileReference; explicitFileType = "wrapper.app-extension"; includeInIndex = 0; path = Image.appex; sourceTree = BUILT_PRODUCTS_DIR; };
		8E85642A21391B5700A1397C /* ActionViewController.swift */ = {isa = PBXFileReference; lastKnownFileType = sourcecode.swift; path = ActionViewController.swift; sourceTree = "<group>"; };
		8E85642D21391B5700A1397C /* Base */ = {isa = PBXFileReference; lastKnownFileType = file.storyboard; name = Base; path = Base.lproj/MainInterface.storyboard; sourceTree = "<group>"; };
		8E85642F21391B5700A1397C /* Info.plist */ = {isa = PBXFileReference; lastKnownFileType = text.plist.xml; path = Info.plist; sourceTree = "<group>"; };
		8E85643A21391B6200A1397C /* URL.appex */ = {isa = PBXFileReference; explicitFileType = "wrapper.app-extension"; includeInIndex = 0; path = URL.appex; sourceTree = BUILT_PRODUCTS_DIR; };
		8E85643C21391B6200A1397C /* ActionViewController.swift */ = {isa = PBXFileReference; lastKnownFileType = sourcecode.swift; path = ActionViewController.swift; sourceTree = "<group>"; };
		8E85643F21391B6200A1397C /* Base */ = {isa = PBXFileReference; lastKnownFileType = file.storyboard; name = Base; path = Base.lproj/MainInterface.storyboard; sourceTree = "<group>"; };
		8E85644121391B6200A1397C /* Info.plist */ = {isa = PBXFileReference; lastKnownFileType = text.plist.xml; path = Info.plist; sourceTree = "<group>"; };
		8EF070112137C66E00694055 /* LeviExtension.app */ = {isa = PBXFileReference; explicitFileType = wrapper.application; includeInIndex = 0; path = LeviExtension.app; sourceTree = BUILT_PRODUCTS_DIR; };
		8EF070142137C66E00694055 /* AppDelegate.swift */ = {isa = PBXFileReference; lastKnownFileType = sourcecode.swift; path = AppDelegate.swift; sourceTree = "<group>"; };
		8EF070162137C66E00694055 /* ViewController.swift */ = {isa = PBXFileReference; lastKnownFileType = sourcecode.swift; path = ViewController.swift; sourceTree = "<group>"; };
		8EF070192137C66E00694055 /* Base */ = {isa = PBXFileReference; lastKnownFileType = file.storyboard; name = Base; path = Base.lproj/Main.storyboard; sourceTree = "<group>"; };
		8EF0701B2137C67000694055 /* Assets.xcassets */ = {isa = PBXFileReference; lastKnownFileType = folder.assetcatalog; path = Assets.xcassets; sourceTree = "<group>"; };
		8EF0701E2137C67000694055 /* Base */ = {isa = PBXFileReference; lastKnownFileType = file.storyboard; name = Base; path = Base.lproj/LaunchScreen.storyboard; sourceTree = "<group>"; };
		8EF070202137C67000694055 /* Info.plist */ = {isa = PBXFileReference; lastKnownFileType = text.plist.xml; path = Info.plist; sourceTree = "<group>"; };
/* End PBXFileReference section */

/* Begin PBXFrameworksBuildPhase section */
		8E85640121391B2F00A1397C /* Frameworks */ = {
			isa = PBXFrameworksBuildPhase;
			buildActionMask = 2147483647;
			files = (
			);
			runOnlyForDeploymentPostprocessing = 0;
		};
		8E85641321391B4000A1397C /* Frameworks */ = {
			isa = PBXFrameworksBuildPhase;
			buildActionMask = 2147483647;
			files = (
			);
			runOnlyForDeploymentPostprocessing = 0;
		};
		8E85642521391B5700A1397C /* Frameworks */ = {
			isa = PBXFrameworksBuildPhase;
			buildActionMask = 2147483647;
			files = (
			);
			runOnlyForDeploymentPostprocessing = 0;
		};
		8E85643721391B6200A1397C /* Frameworks */ = {
			isa = PBXFrameworksBuildPhase;
			buildActionMask = 2147483647;
			files = (
			);
			runOnlyForDeploymentPostprocessing = 0;
		};
		8EF0700E2137C66E00694055 /* Frameworks */ = {
			isa = PBXFrameworksBuildPhase;
			buildActionMask = 2147483647;
			files = (
			);
			runOnlyForDeploymentPostprocessing = 0;
		};
/* End PBXFrameworksBuildPhase section */

/* Begin PBXGroup section */
		8E85640521391B2F00A1397C /* LeviExtension+SupportAll */ = {
			isa = PBXGroup;
			children = (
				8E85640621391B2F00A1397C /* ActionViewController.swift */,
				8E85640821391B2F00A1397C /* MainInterface.storyboard */,
				8E85640B21391B2F00A1397C /* Info.plist */,
			);
			path = "LeviExtension+SupportAll";
			sourceTree = "<group>";
		};
		8E85641721391B4000A1397C /* LeviExtension+String */ = {
			isa = PBXGroup;
			children = (
				8E85641821391B4000A1397C /* ActionViewController.swift */,
				8E85641A21391B4000A1397C /* MainInterface.storyboard */,
				8E85641D21391B4000A1397C /* Info.plist */,
			);
			path = "LeviExtension+String";
			sourceTree = "<group>";
		};
		8E85642921391B5700A1397C /* LeviExtension+Image */ = {
			isa = PBXGroup;
			children = (
				8E85642A21391B5700A1397C /* ActionViewController.swift */,
				8E85642C21391B5700A1397C /* MainInterface.storyboard */,
				8E85642F21391B5700A1397C /* Info.plist */,
			);
			path = "LeviExtension+Image";
			sourceTree = "<group>";
		};
		8E85643B21391B6200A1397C /* LeviExtension+URL */ = {
			isa = PBXGroup;
			children = (
				8E85643C21391B6200A1397C /* ActionViewController.swift */,
				8E85643E21391B6200A1397C /* MainInterface.storyboard */,
				8E85644121391B6200A1397C /* Info.plist */,
			);
			path = "LeviExtension+URL";
			sourceTree = "<group>";
		};
		8EF070082137C66E00694055 = {
			isa = PBXGroup;
			children = (
				8EF070132137C66E00694055 /* LeviExtension */,
				8E85640521391B2F00A1397C /* LeviExtension+SupportAll */,
				8E85641721391B4000A1397C /* LeviExtension+String */,
				8E85642921391B5700A1397C /* LeviExtension+Image */,
				8E85643B21391B6200A1397C /* LeviExtension+URL */,
				8EF070122137C66E00694055 /* Products */,
			);
			sourceTree = "<group>";
		};
		8EF070122137C66E00694055 /* Products */ = {
			isa = PBXGroup;
			children = (
				8EF070112137C66E00694055 /* LeviExtension.app */,
				8E85640421391B2F00A1397C /* SupportAll.appex */,
				8E85641621391B4000A1397C /* Text.appex */,
				8E85642821391B5700A1397C /* Image.appex */,
				8E85643A21391B6200A1397C /* URL.appex */,
			);
			name = Products;
			sourceTree = "<group>";
		};
		8EF070132137C66E00694055 /* LeviExtension */ = {
			isa = PBXGroup;
			children = (
				8EF070142137C66E00694055 /* AppDelegate.swift */,
				8EF070162137C66E00694055 /* ViewController.swift */,
				8EF070182137C66E00694055 /* Main.storyboard */,
				8EF0701B2137C67000694055 /* Assets.xcassets */,
				8EF0701D2137C67000694055 /* LaunchScreen.storyboard */,
				8EF070202137C67000694055 /* Info.plist */,
			);
			path = LeviExtension;
			sourceTree = "<group>";
		};
/* End PBXGroup section */

/* Begin PBXNativeTarget section */
		8E85640321391B2F00A1397C /* SupportAll */ = {
			isa = PBXNativeTarget;
			buildConfigurationList = 8E85640F21391B2F00A1397C /* Build configuration list for PBXNativeTarget "SupportAll" */;
			buildPhases = (
				8E85640021391B2F00A1397C /* Sources */,
				8E85640121391B2F00A1397C /* Frameworks */,
				8E85640221391B2F00A1397C /* Resources */,
			);
			buildRules = (
			);
			dependencies = (
			);
			name = SupportAll;
			productName = "LeviExtension+SupportAll";
			productReference = 8E85640421391B2F00A1397C /* SupportAll.appex */;
			productType = "com.apple.product-type.app-extension";
		};
		8E85641521391B4000A1397C /* Text */ = {
			isa = PBXNativeTarget;
			buildConfigurationList = 8E85642121391B4000A1397C /* Build configuration list for PBXNativeTarget "Text" */;
			buildPhases = (
				8E85641221391B4000A1397C /* Sources */,
				8E85641321391B4000A1397C /* Frameworks */,
				8E85641421391B4000A1397C /* Resources */,
			);
			buildRules = (
			);
			dependencies = (
			);
			name = Text;
			productName = "LeviExtension+String";
			productReference = 8E85641621391B4000A1397C /* Text.appex */;
			productType = "com.apple.product-type.app-extension";
		};
		8E85642721391B5700A1397C /* Image */ = {
			isa = PBXNativeTarget;
			buildConfigurationList = 8E85643321391B5700A1397C /* Build configuration list for PBXNativeTarget "Image" */;
			buildPhases = (
				8E85642421391B5700A1397C /* Sources */,
				8E85642521391B5700A1397C /* Frameworks */,
				8E85642621391B5700A1397C /* Resources */,
			);
			buildRules = (
			);
			dependencies = (
			);
			name = Image;
			productName = "LeviExtension+Image";
			productReference = 8E85642821391B5700A1397C /* Image.appex */;
			productType = "com.apple.product-type.app-extension";
		};
		8E85643921391B6200A1397C /* URL */ = {
			isa = PBXNativeTarget;
			buildConfigurationList = 8E85644521391B6200A1397C /* Build configuration list for PBXNativeTarget "URL" */;
			buildPhases = (
				8E85643621391B6200A1397C /* Sources */,
				8E85643721391B6200A1397C /* Frameworks */,
				8E85643821391B6200A1397C /* Resources */,
			);
			buildRules = (
			);
			dependencies = (
			);
			name = URL;
			productName = "LeviExtension+URL";
			productReference = 8E85643A21391B6200A1397C /* URL.appex */;
			productType = "com.apple.product-type.app-extension";
		};
		8EF070102137C66E00694055 /* LeviExtension */ = {
			isa = PBXNativeTarget;
			buildConfigurationList = 8EF070232137C67000694055 /* Build configuration list for PBXNativeTarget "LeviExtension" */;
			buildPhases = (
				8EF0700D2137C66E00694055 /* Sources */,
				8EF0700E2137C66E00694055 /* Frameworks */,
				8EF0700F2137C66E00694055 /* Resources */,
				8EF070392137D09200694055 /* Embed App Extensions */,
			);
			buildRules = (
			);
			dependencies = (
				8E85640D21391B2F00A1397C /* PBXTargetDependency */,
				8E85641F21391B4000A1397C /* PBXTargetDependency */,
				8E85643121391B5700A1397C /* PBXTargetDependency */,
				8E85644321391B6200A1397C /* PBXTargetDependency */,
			);
			name = LeviExtension;
			productName = LeviExtension;
			productReference = 8EF070112137C66E00694055 /* LeviExtension.app */;
			productType = "com.apple.product-type.application";
		};
/* End PBXNativeTarget section */

/* Begin PBXProject section */
		8EF070092137C66E00694055 /* Project object */ = {
			isa = PBXProject;
			attributes = {
				LastSwiftUpdateCheck = 0940;
				LastUpgradeCheck = 0940;
				ORGANIZATIONNAME = LeviTsai;
				TargetAttributes = {
					8E85640321391B2F00A1397C = {
						CreatedOnToolsVersion = 9.4.1;
					};
					8E85641521391B4000A1397C = {
						CreatedOnToolsVersion = 9.4.1;
					};
					8E85642721391B5700A1397C = {
						CreatedOnToolsVersion = 9.4.1;
					};
					8E85643921391B6200A1397C = {
						CreatedOnToolsVersion = 9.4.1;
					};
					8EF070102137C66E00694055 = {
						CreatedOnToolsVersion = 9.4.1;
					};
				};
			};
			buildConfigurationList = 8EF0700C2137C66E00694055 /* Build configuration list for PBXProject "LeviExtension" */;
			compatibilityVersion = "Xcode 9.3";
			developmentRegion = en;
			hasScannedForEncodings = 0;
			knownRegions = (
				en,
				Base,
			);
			mainGroup = 8EF070082137C66E00694055;
			productRefGroup = 8EF070122137C66E00694055 /* Products */;
			projectDirPath = "";
			projectRoot = "";
			targets = (
				8EF070102137C66E00694055 /* LeviExtension */,
				8E85640321391B2F00A1397C /* SupportAll */,
				8E85641521391B4000A1397C /* Text */,
				8E85642721391B5700A1397C /* Image */,
				8E85643921391B6200A1397C /* URL */,
			);
		};
/* End PBXProject section */

/* Begin PBXResourcesBuildPhase section */
		8E85640221391B2F00A1397C /* Resources */ = {
			isa = PBXResourcesBuildPhase;
			buildActionMask = 2147483647;
			files = (
				8E85640A21391B2F00A1397C /* MainInterface.storyboard in Resources */,
			);
			runOnlyForDeploymentPostprocessing = 0;
		};
		8E85641421391B4000A1397C /* Resources */ = {
			isa = PBXResourcesBuildPhase;
			buildActionMask = 2147483647;
			files = (
				8E85641C21391B4000A1397C /* MainInterface.storyboard in Resources */,
			);
			runOnlyForDeploymentPostprocessing = 0;
		};
		8E85642621391B5700A1397C /* Resources */ = {
			isa = PBXResourcesBuildPhase;
			buildActionMask = 2147483647;
			files = (
				8E85642E21391B5700A1397C /* MainInterface.storyboard in Resources */,
			);
			runOnlyForDeploymentPostprocessing = 0;
		};
		8E85643821391B6200A1397C /* Resources */ = {
			isa = PBXResourcesBuildPhase;
			buildActionMask = 2147483647;
			files = (
				8E85644021391B6200A1397C /* MainInterface.storyboard in Resources */,
			);
			runOnlyForDeploymentPostprocessing = 0;
		};
		8EF0700F2137C66E00694055 /* Resources */ = {
			isa = PBXResourcesBuildPhase;
			buildActionMask = 2147483647;
			files = (
				8EF0701F2137C67000694055 /* LaunchScreen.storyboard in Resources */,
				8EF0701C2137C67000694055 /* Assets.xcassets in Resources */,
				8EF0701A2137C66E00694055 /* Main.storyboard in Resources */,
			);
			runOnlyForDeploymentPostprocessing = 0;
		};
/* End PBXResourcesBuildPhase section */

/* Begin PBXSourcesBuildPhase section */
		8E85640021391B2F00A1397C /* Sources */ = {
			isa = PBXSourcesBuildPhase;
			buildActionMask = 2147483647;
			files = (
				8E85640721391B2F00A1397C /* ActionViewController.swift in Sources */,
			);
			runOnlyForDeploymentPostprocessing = 0;
		};
		8E85641221391B4000A1397C /* Sources */ = {
			isa = PBXSourcesBuildPhase;
			buildActionMask = 2147483647;
			files = (
				8E85641921391B4000A1397C /* ActionViewController.swift in Sources */,
			);
			runOnlyForDeploymentPostprocessing = 0;
		};
		8E85642421391B5700A1397C /* Sources */ = {
			isa = PBXSourcesBuildPhase;
			buildActionMask = 2147483647;
			files = (
				8E85642B21391B5700A1397C /* ActionViewController.swift in Sources */,
			);
			runOnlyForDeploymentPostprocessing = 0;
		};
		8E85643621391B6200A1397C /* Sources */ = {
			isa = PBXSourcesBuildPhase;
			buildActionMask = 2147483647;
			files = (
				8E85643D21391B6200A1397C /* ActionViewController.swift in Sources */,
			);
			runOnlyForDeploymentPostprocessing = 0;
		};
		8EF0700D2137C66E00694055 /* Sources */ = {
			isa = PBXSourcesBuildPhase;
			buildActionMask = 2147483647;
			files = (
				8EF070172137C66E00694055 /* ViewController.swift in Sources */,
				8EF070152137C66E00694055 /* AppDelegate.swift in Sources */,
			);
			runOnlyForDeploymentPostprocessing = 0;
		};
/* End PBXSourcesBuildPhase section */

/* Begin PBXTargetDependency section */
		8E85640D21391B2F00A1397C /* PBXTargetDependency */ = {
			isa = PBXTargetDependency;
			target = 8E85640321391B2F00A1397C /* SupportAll */;
			targetProxy = 8E85640C21391B2F00A1397C /* PBXContainerItemProxy */;
		};
		8E85641F21391B4000A1397C /* PBXTargetDependency */ = {
			isa = PBXTargetDependency;
			target = 8E85641521391B4000A1397C /* Text */;
			targetProxy = 8E85641E21391B4000A1397C /* PBXContainerItemProxy */;
		};
		8E85643121391B5700A1397C /* PBXTargetDependency */ = {
			isa = PBXTargetDependency;
			target = 8E85642721391B5700A1397C /* Image */;
			targetProxy = 8E85643021391B5700A1397C /* PBXContainerItemProxy */;
		};
		8E85644321391B6200A1397C /* PBXTargetDependency */ = {
			isa = PBXTargetDependency;
			target = 8E85643921391B6200A1397C /* URL */;
			targetProxy = 8E85644221391B6200A1397C /* PBXContainerItemProxy */;
		};
/* End PBXTargetDependency section */

/* Begin PBXVariantGroup section */
		8E85640821391B2F00A1397C /* MainInterface.storyboard */ = {
			isa = PBXVariantGroup;
			children = (
				8E85640921391B2F00A1397C /* Base */,
			);
			name = MainInterface.storyboard;
			sourceTree = "<group>";
		};
		8E85641A21391B4000A1397C /* MainInterface.storyboard */ = {
			isa = PBXVariantGroup;
			children = (
				8E85641B21391B4000A1397C /* Base */,
			);
			name = MainInterface.storyboard;
			sourceTree = "<group>";
		};
		8E85642C21391B5700A1397C /* MainInterface.storyboard */ = {
			isa = PBXVariantGroup;
			children = (
				8E85642D21391B5700A1397C /* Base */,
			);
			name = MainInterface.storyboard;
			sourceTree = "<group>";
		};
		8E85643E21391B6200A1397C /* MainInterface.storyboard */ = {
			isa = PBXVariantGroup;
			children = (
				8E85643F21391B6200A1397C /* Base */,
			);
			name = MainInterface.storyboard;
			sourceTree = "<group>";
		};
		8EF070182137C66E00694055 /* Main.storyboard */ = {
			isa = PBXVariantGroup;
			children = (
				8EF070192137C66E00694055 /* Base */,
			);
			name = Main.storyboard;
			sourceTree = "<group>";
		};
		8EF0701D2137C67000694055 /* LaunchScreen.storyboard */ = {
			isa = PBXVariantGroup;
			children = (
				8EF0701E2137C67000694055 /* Base */,
			);
			name = LaunchScreen.storyboard;
			sourceTree = "<group>";
		};
/* End PBXVariantGroup section */

/* Begin XCBuildConfiguration section */
		8E85641021391B2F00A1397C /* Debug */ = {
			isa = XCBuildConfiguration;
			buildSettings = {
				CODE_SIGN_STYLE = Automatic;
				DEVELOPMENT_TEAM = 54685A85RW;
				INFOPLIST_FILE = "LeviExtension+SupportAll/Info.plist";
				LD_RUNPATH_SEARCH_PATHS = (
					"$(inherited)",
					"@executable_path/Frameworks",
					"@executable_path/../../Frameworks",
				);
				PRODUCT_BUNDLE_IDENTIFIER = "Levi.Example.swift.AWSDemo.LeviExtension.LeviExtension-SupportAll";
				PRODUCT_NAME = "$(TARGET_NAME)";
				SKIP_INSTALL = YES;
				SWIFT_VERSION = 4.0;
				TARGETED_DEVICE_FAMILY = "1,2";
			};
			name = Debug;
		};
		8E85641121391B2F00A1397C /* Release */ = {
			isa = XCBuildConfiguration;
			buildSettings = {
				CODE_SIGN_STYLE = Automatic;
				DEVELOPMENT_TEAM = 54685A85RW;
				INFOPLIST_FILE = "LeviExtension+SupportAll/Info.plist";
				LD_RUNPATH_SEARCH_PATHS = (
					"$(inherited)",
					"@executable_path/Frameworks",
					"@executable_path/../../Frameworks",
				);
				PRODUCT_BUNDLE_IDENTIFIER = "Levi.Example.swift.AWSDemo.LeviExtension.LeviExtension-SupportAll";
				PRODUCT_NAME = "$(TARGET_NAME)";
				SKIP_INSTALL = YES;
				SWIFT_VERSION = 4.0;
				TARGETED_DEVICE_FAMILY = "1,2";
			};
			name = Release;
		};
		8E85642221391B4000A1397C /* Debug */ = {
			isa = XCBuildConfiguration;
			buildSettings = {
				CODE_SIGN_STYLE = Automatic;
				DEVELOPMENT_TEAM = 54685A85RW;
				INFOPLIST_FILE = "LeviExtension+String/Info.plist";
				LD_RUNPATH_SEARCH_PATHS = (
					"$(inherited)",
					"@executable_path/Frameworks",
					"@executable_path/../../Frameworks",
				);
				PRODUCT_BUNDLE_IDENTIFIER = "Levi.Example.swift.AWSDemo.LeviExtension.LeviExtension-String";
				PRODUCT_NAME = "$(TARGET_NAME)";
				SKIP_INSTALL = YES;
				SWIFT_VERSION = 4.0;
				TARGETED_DEVICE_FAMILY = "1,2";
			};
			name = Debug;
		};
		8E85642321391B4000A1397C /* Release */ = {
			isa = XCBuildConfiguration;
			buildSettings = {
				CODE_SIGN_STYLE = Automatic;
				DEVELOPMENT_TEAM = 54685A85RW;
				INFOPLIST_FILE = "LeviExtension+String/Info.plist";
				LD_RUNPATH_SEARCH_PATHS = (
					"$(inherited)",
					"@executable_path/Frameworks",
					"@executable_path/../../Frameworks",
				);
				PRODUCT_BUNDLE_IDENTIFIER = "Levi.Example.swift.AWSDemo.LeviExtension.LeviExtension-String";
				PRODUCT_NAME = "$(TARGET_NAME)";
				SKIP_INSTALL = YES;
				SWIFT_VERSION = 4.0;
				TARGETED_DEVICE_FAMILY = "1,2";
			};
			name = Release;
		};
		8E85643421391B5700A1397C /* Debug */ = {
			isa = XCBuildConfiguration;
			buildSettings = {
				CODE_SIGN_STYLE = Automatic;
				DEVELOPMENT_TEAM = 54685A85RW;
				INFOPLIST_FILE = "LeviExtension+Image/Info.plist";
				LD_RUNPATH_SEARCH_PATHS = (
					"$(inherited)",
					"@executable_path/Frameworks",
					"@executable_path/../../Frameworks",
				);
				PRODUCT_BUNDLE_IDENTIFIER = "Levi.Example.swift.AWSDemo.LeviExtension.LeviExtension-Image";
				PRODUCT_NAME = "$(TARGET_NAME)";
				SKIP_INSTALL = YES;
				SWIFT_VERSION = 4.0;
				TARGETED_DEVICE_FAMILY = "1,2";
			};
			name = Debug;
		};
		8E85643521391B5700A1397C /* Release */ = {
			isa = XCBuildConfiguration;
			buildSettings = {
				CODE_SIGN_STYLE = Automatic;
				DEVELOPMENT_TEAM = 54685A85RW;
				INFOPLIST_FILE = "LeviExtension+Image/Info.plist";
				LD_RUNPATH_SEARCH_PATHS = (
					"$(inherited)",
					"@executable_path/Frameworks",
					"@executable_path/../../Frameworks",
				);
				PRODUCT_BUNDLE_IDENTIFIER = "Levi.Example.swift.AWSDemo.LeviExtension.LeviExtension-Image";
				PRODUCT_NAME = "$(TARGET_NAME)";
				SKIP_INSTALL = YES;
				SWIFT_VERSION = 4.0;
				TARGETED_DEVICE_FAMILY = "1,2";
			};
			name = Release;
		};
		8E85644621391B6200A1397C /* Debug */ = {
			isa = XCBuildConfiguration;
			buildSettings = {
				CODE_SIGN_STYLE = Automatic;
				DEVELOPMENT_TEAM = 54685A85RW;
				INFOPLIST_FILE = "LeviExtension+URL/Info.plist";
				LD_RUNPATH_SEARCH_PATHS = (
					"$(inherited)",
					"@executable_path/Frameworks",
					"@executable_path/../../Frameworks",
				);
				PRODUCT_BUNDLE_IDENTIFIER = "Levi.Example.swift.AWSDemo.LeviExtension.LeviExtension-URL";
				PRODUCT_NAME = "$(TARGET_NAME)";
				SKIP_INSTALL = YES;
				SWIFT_VERSION = 4.0;
				TARGETED_DEVICE_FAMILY = "1,2";
			};
			name = Debug;
		};
		8E85644721391B6200A1397C /* Release */ = {
			isa = XCBuildConfiguration;
			buildSettings = {
				CODE_SIGN_STYLE = Automatic;
				DEVELOPMENT_TEAM = 54685A85RW;
				INFOPLIST_FILE = "LeviExtension+URL/Info.plist";
				LD_RUNPATH_SEARCH_PATHS = (
					"$(inherited)",
					"@executable_path/Frameworks",
					"@executable_path/../../Frameworks",
				);
				PRODUCT_BUNDLE_IDENTIFIER = "Levi.Example.swift.AWSDemo.LeviExtension.LeviExtension-URL";
				PRODUCT_NAME = "$(TARGET_NAME)";
				SKIP_INSTALL = YES;
				SWIFT_VERSION = 4.0;
				TARGETED_DEVICE_FAMILY = "1,2";
			};
			name = Release;
		};
		8EF070212137C67000694055 /* Debug */ = {
			isa = XCBuildConfiguration;
			buildSettings = {
				ALWAYS_SEARCH_USER_PATHS = NO;
				CLANG_ANALYZER_NONNULL = YES;
				CLANG_ANALYZER_NUMBER_OBJECT_CONVERSION = YES_AGGRESSIVE;
				CLANG_CXX_LANGUAGE_STANDARD = "gnu++14";
				CLANG_CXX_LIBRARY = "libc++";
				CLANG_ENABLE_MODULES = YES;
				CLANG_ENABLE_OBJC_ARC = YES;
				CLANG_ENABLE_OBJC_WEAK = YES;
				CLANG_WARN_BLOCK_CAPTURE_AUTORELEASING = YES;
				CLANG_WARN_BOOL_CONVERSION = YES;
				CLANG_WARN_COMMA = YES;
				CLANG_WARN_CONSTANT_CONVERSION = YES;
				CLANG_WARN_DEPRECATED_OBJC_IMPLEMENTATIONS = YES;
				CLANG_WARN_DIRECT_OBJC_ISA_USAGE = YES_ERROR;
				CLANG_WARN_DOCUMENTATION_COMMENTS = YES;
				CLANG_WARN_EMPTY_BODY = YES;
				CLANG_WARN_ENUM_CONVERSION = YES;
				CLANG_WARN_INFINITE_RECURSION = YES;
				CLANG_WARN_INT_CONVERSION = YES;
				CLANG_WARN_NON_LITERAL_NULL_CONVERSION = YES;
				CLANG_WARN_OBJC_IMPLICIT_RETAIN_SELF = YES;
				CLANG_WARN_OBJC_LITERAL_CONVERSION = YES;
				CLANG_WARN_OBJC_ROOT_CLASS = YES_ERROR;
				CLANG_WARN_RANGE_LOOP_ANALYSIS = YES;
				CLANG_WARN_STRICT_PROTOTYPES = YES;
				CLANG_WARN_SUSPICIOUS_MOVE = YES;
				CLANG_WARN_UNGUARDED_AVAILABILITY = YES_AGGRESSIVE;
				CLANG_WARN_UNREACHABLE_CODE = YES;
				CLANG_WARN__DUPLICATE_METHOD_MATCH = YES;
				CODE_SIGN_IDENTITY = "iPhone Developer";
				COPY_PHASE_STRIP = NO;
				DEBUG_INFORMATION_FORMAT = dwarf;
				ENABLE_STRICT_OBJC_MSGSEND = YES;
				ENABLE_TESTABILITY = YES;
				GCC_C_LANGUAGE_STANDARD = gnu11;
				GCC_DYNAMIC_NO_PIC = NO;
				GCC_NO_COMMON_BLOCKS = YES;
				GCC_OPTIMIZATION_LEVEL = 0;
				GCC_PREPROCESSOR_DEFINITIONS = (
					"DEBUG=1",
					"$(inherited)",
				);
				GCC_WARN_64_TO_32_BIT_CONVERSION = YES;
				GCC_WARN_ABOUT_RETURN_TYPE = YES_ERROR;
				GCC_WARN_UNDECLARED_SELECTOR = YES;
				GCC_WARN_UNINITIALIZED_AUTOS = YES_AGGRESSIVE;
				GCC_WARN_UNUSED_FUNCTION = YES;
				GCC_WARN_UNUSED_VARIABLE = YES;
				IPHONEOS_DEPLOYMENT_TARGET = 11.4;
				MTL_ENABLE_DEBUG_INFO = YES;
				ONLY_ACTIVE_ARCH = YES;
				SDKROOT = iphoneos;
				SWIFT_ACTIVE_COMPILATION_CONDITIONS = DEBUG;
				SWIFT_OPTIMIZATION_LEVEL = "-Onone";
			};
			name = Debug;
		};
		8EF070222137C67000694055 /* Release */ = {
			isa = XCBuildConfiguration;
			buildSettings = {
				ALWAYS_SEARCH_USER_PATHS = NO;
				CLANG_ANALYZER_NONNULL = YES;
				CLANG_ANALYZER_NUMBER_OBJECT_CONVERSION = YES_AGGRESSIVE;
				CLANG_CXX_LANGUAGE_STANDARD = "gnu++14";
				CLANG_CXX_LIBRARY = "libc++";
				CLANG_ENABLE_MODULES = YES;
				CLANG_ENABLE_OBJC_ARC = YES;
				CLANG_ENABLE_OBJC_WEAK = YES;
				CLANG_WARN_BLOCK_CAPTURE_AUTORELEASING = YES;
				CLANG_WARN_BOOL_CONVERSION = YES;
				CLANG_WARN_COMMA = YES;
				CLANG_WARN_CONSTANT_CONVERSION = YES;
				CLANG_WARN_DEPRECATED_OBJC_IMPLEMENTATIONS = YES;
				CLANG_WARN_DIRECT_OBJC_ISA_USAGE = YES_ERROR;
				CLANG_WARN_DOCUMENTATION_COMMENTS = YES;
				CLANG_WARN_EMPTY_BODY = YES;
				CLANG_WARN_ENUM_CONVERSION = YES;
				CLANG_WARN_INFINITE_RECURSION = YES;
				CLANG_WARN_INT_CONVERSION = YES;
				CLANG_WARN_NON_LITERAL_NULL_CONVERSION = YES;
				CLANG_WARN_OBJC_IMPLICIT_RETAIN_SELF = YES;
				CLANG_WARN_OBJC_LITERAL_CONVERSION = YES;
				CLANG_WARN_OBJC_ROOT_CLASS = YES_ERROR;
				CLANG_WARN_RANGE_LOOP_ANALYSIS = YES;
				CLANG_WARN_STRICT_PROTOTYPES = YES;
				CLANG_WARN_SUSPICIOUS_MOVE = YES;
				CLANG_WARN_UNGUARDED_AVAILABILITY = YES_AGGRESSIVE;
				CLANG_WARN_UNREACHABLE_CODE = YES;
				CLANG_WARN__DUPLICATE_METHOD_MATCH = YES;
				CODE_SIGN_IDENTITY = "iPhone Developer";
				COPY_PHASE_STRIP = NO;
				DEBUG_INFORMATION_FORMAT = "dwarf-with-dsym";
				ENABLE_NS_ASSERTIONS = NO;
				ENABLE_STRICT_OBJC_MSGSEND = YES;
				GCC_C_LANGUAGE_STANDARD = gnu11;
				GCC_NO_COMMON_BLOCKS = YES;
				GCC_WARN_64_TO_32_BIT_CONVERSION = YES;
				GCC_WARN_ABOUT_RETURN_TYPE = YES_ERROR;
				GCC_WARN_UNDECLARED_SELECTOR = YES;
				GCC_WARN_UNINITIALIZED_AUTOS = YES_AGGRESSIVE;
				GCC_WARN_UNUSED_FUNCTION = YES;
				GCC_WARN_UNUSED_VARIABLE = YES;
				IPHONEOS_DEPLOYMENT_TARGET = 11.4;
				MTL_ENABLE_DEBUG_INFO = NO;
				SDKROOT = iphoneos;
				SWIFT_COMPILATION_MODE = wholemodule;
				SWIFT_OPTIMIZATION_LEVEL = "-O";
				VALIDATE_PRODUCT = YES;
			};
			name = Release;
		};
		8EF070242137C67000694055 /* Debug */ = {
			isa = XCBuildConfiguration;
			buildSettings = {
				ALWAYS_EMBED_SWIFT_STANDARD_LIBRARIES = YES;
				ASSETCATALOG_COMPILER_APPICON_NAME = AppIcon;
				CODE_SIGN_STYLE = Automatic;
				DEVELOPMENT_TEAM = 54685A85RW;
				INFOPLIST_FILE = LeviExtension/Info.plist;
				LD_RUNPATH_SEARCH_PATHS = (
					"$(inherited)",
					"@executable_path/Frameworks",
				);
				PRODUCT_BUNDLE_IDENTIFIER = Levi.Example.swift.LeviExtension;
				PRODUCT_NAME = "$(TARGET_NAME)";
				SWIFT_VERSION = 4.0;
				TARGETED_DEVICE_FAMILY = "1,2";
			};
			name = Debug;
		};
		8EF070252137C67000694055 /* Release */ = {
			isa = XCBuildConfiguration;
			buildSettings = {
				ALWAYS_EMBED_SWIFT_STANDARD_LIBRARIES = YES;
				ASSETCATALOG_COMPILER_APPICON_NAME = AppIcon;
				CODE_SIGN_STYLE = Automatic;
				DEVELOPMENT_TEAM = 54685A85RW;
				INFOPLIST_FILE = LeviExtension/Info.plist;
				LD_RUNPATH_SEARCH_PATHS = (
					"$(inherited)",
					"@executable_path/Frameworks",
				);
				PRODUCT_BUNDLE_IDENTIFIER = Levi.Example.swift.LeviExtension;
				PRODUCT_NAME = "$(TARGET_NAME)";
				SWIFT_VERSION = 4.0;
				TARGETED_DEVICE_FAMILY = "1,2";
			};
			name = Release;
		};
/* End XCBuildConfiguration section */

/* Begin XCConfigurationList section */
		8E85640F21391B2F00A1397C /* Build configuration list for PBXNativeTarget "SupportAll" */ = {
			isa = XCConfigurationList;
			buildConfigurations = (
				8E85641021391B2F00A1397C /* Debug */,
				8E85641121391B2F00A1397C /* Release */,
			);
			defaultConfigurationIsVisible = 0;
			defaultConfigurationName = Release;
		};
		8E85642121391B4000A1397C /* Build configuration list for PBXNativeTarget "Text" */ = {
			isa = XCConfigurationList;
			buildConfigurations = (
				8E85642221391B4000A1397C /* Debug */,
				8E85642321391B4000A1397C /* Release */,
			);
			defaultConfigurationIsVisible = 0;
			defaultConfigurationName = Release;
		};
		8E85643321391B5700A1397C /* Build configuration list for PBXNativeTarget "Image" */ = {
			isa = XCConfigurationList;
			buildConfigurations = (
				8E85643421391B5700A1397C /* Debug */,
				8E85643521391B5700A1397C /* Release */,
			);
			defaultConfigurationIsVisible = 0;
			defaultConfigurationName = Release;
		};
		8E85644521391B6200A1397C /* Build configuration list for PBXNativeTarget "URL" */ = {
			isa = XCConfigurationList;
			buildConfigurations = (
				8E85644621391B6200A1397C /* Debug */,
				8E85644721391B6200A1397C /* Release */,
			);
			defaultConfigurationIsVisible = 0;
			defaultConfigurationName = Release;
		};
		8EF0700C2137C66E00694055 /* Build configuration list for PBXProject "LeviExtension" */ = {
			isa = XCConfigurationList;
			buildConfigurations = (
				8EF070212137C67000694055 /* Debug */,
				8EF070222137C67000694055 /* Release */,
			);
			defaultConfigurationIsVisible = 0;
			defaultConfigurationName = Release;
		};
		8EF070232137C67000694055 /* Build configuration list for PBXNativeTarget "LeviExtension" */ = {
			isa = XCConfigurationList;
			buildConfigurations = (
				8EF070242137C67000694055 /* Debug */,
				8EF070252137C67000694055 /* Release */,
			);
			defaultConfigurationIsVisible = 0;
			defaultConfigurationName = Release;
		};
/* End XCConfigurationList section */
	};
	rootObject = 8EF070092137C66E00694055 /* Project object */;
}
